// !$*UTF8*$!
{
	archiveVersion = 1;
	classes = {
	};
	objectVersion = 50;
	objects = {

/* Begin PBXBuildFile section */
		EFA4B72D284070EB007C15DD /* ResultState.swift in Sources */ = {isa = PBXBuildFile; fileRef = EFA4B72C284070EB007C15DD /* ResultState.swift */; };
		EFA4B734284084C3007C15DD /* SearchBarView.swift in Sources */ = {isa = PBXBuildFile; fileRef = EFA4B733284084C3007C15DD /* SearchBarView.swift */; };
		EFA4B73828412C9E007C15DD /* ContactView.swift in Sources */ = {isa = PBXBuildFile; fileRef = EFA4B73728412C9E007C15DD /* ContactView.swift */; };
		EFA4B73A28412CB4007C15DD /* FilteredContactView.swift in Sources */ = {isa = PBXBuildFile; fileRef = EFA4B73928412CB4007C15DD /* FilteredContactView.swift */; };
		EFBFBECB283C87AC003FD97D /* contactsApp.swift in Sources */ = {isa = PBXBuildFile; fileRef = EFBFBECA283C87AC003FD97D /* contactsApp.swift */; };
		EFBFBECD283C87AC003FD97D /* ContentView.swift in Sources */ = {isa = PBXBuildFile; fileRef = EFBFBECC283C87AC003FD97D /* ContentView.swift */; };
		EFBFBECF283C87AD003FD97D /* Assets.xcassets in Resources */ = {isa = PBXBuildFile; fileRef = EFBFBECE283C87AD003FD97D /* Assets.xcassets */; };
		EFBFBED2283C87AD003FD97D /* Preview Assets.xcassets in Resources */ = {isa = PBXBuildFile; fileRef = EFBFBED1283C87AD003FD97D /* Preview Assets.xcassets */; };
		EFBFBEDB283C8893003FD97D /* contactListViewModel.swift in Sources */ = {isa = PBXBuildFile; fileRef = EFBFBEDA283C8893003FD97D /* contactListViewModel.swift */; };
		EFBFBEDE283C8909003FD97D /* NetworkManager.swift in Sources */ = {isa = PBXBuildFile; fileRef = EFBFBEDD283C8909003FD97D /* NetworkManager.swift */; };
		EFBFBEE1283C8935003FD97D /* ContactDataModel.swift in Sources */ = {isa = PBXBuildFile; fileRef = EFBFBEE0283C8935003FD97D /* ContactDataModel.swift */; };
		EFBFBEE8283DB61A003FD97D /* ImageViewSmall.swift in Sources */ = {isa = PBXBuildFile; fileRef = EFBFBEE7283DB61A003FD97D /* ImageViewSmall.swift */; };
		EFBFBEEC283DB74D003FD97D /* UrlImageModel.swift in Sources */ = {isa = PBXBuildFile; fileRef = EFBFBEEB283DB74D003FD97D /* UrlImageModel.swift */; };
		EFBFBEF1283DE0A0003FD97D /* ImageCacheManager.swift in Sources */ = {isa = PBXBuildFile; fileRef = EFBFBEF0283DE0A0003FD97D /* ImageCacheManager.swift */; };
		EFBFBEF4283DE2A0003FD97D /* ContactDetail.swift in Sources */ = {isa = PBXBuildFile; fileRef = EFBFBEF3283DE2A0003FD97D /* ContactDetail.swift */; };
		EFBFBEF7283DE30A003FD97D /* ImageViewLarge.swift in Sources */ = {isa = PBXBuildFile; fileRef = EFBFBEF6283DE30A003FD97D /* ImageViewLarge.swift */; };
/* End PBXBuildFile section */

/* Begin PBXFileReference section */
		EFA4B72C284070EB007C15DD /* ResultState.swift */ = {isa = PBXFileReference; lastKnownFileType = sourcecode.swift; path = ResultState.swift; sourceTree = "<group>"; };
		EFA4B733284084C3007C15DD /* SearchBarView.swift */ = {isa = PBXFileReference; lastKnownFileType = sourcecode.swift; path = SearchBarView.swift; sourceTree = "<group>"; };
		EFA4B73728412C9E007C15DD /* ContactView.swift */ = {isa = PBXFileReference; lastKnownFileType = sourcecode.swift; path = ContactView.swift; sourceTree = "<group>"; };
		EFA4B73928412CB4007C15DD /* FilteredContactView.swift */ = {isa = PBXFileReference; lastKnownFileType = sourcecode.swift; path = FilteredContactView.swift; sourceTree = "<group>"; };
		EFBFBEC7283C87AC003FD97D /* contacts.app */ = {isa = PBXFileReference; explicitFileType = wrapper.application; includeInIndex = 0; path = contacts.app; sourceTree = BUILT_PRODUCTS_DIR; };
		EFBFBECA283C87AC003FD97D /* contactsApp.swift */ = {isa = PBXFileReference; lastKnownFileType = sourcecode.swift; path = contactsApp.swift; sourceTree = "<group>"; };
		EFBFBECC283C87AC003FD97D /* ContentView.swift */ = {isa = PBXFileReference; lastKnownFileType = sourcecode.swift; path = ContentView.swift; sourceTree = "<group>"; };
		EFBFBECE283C87AD003FD97D /* Assets.xcassets */ = {isa = PBXFileReference; lastKnownFileType = folder.assetcatalog; path = Assets.xcassets; sourceTree = "<group>"; };
		EFBFBED1283C87AD003FD97D /* Preview Assets.xcassets */ = {isa = PBXFileReference; lastKnownFileType = folder.assetcatalog; path = "Preview Assets.xcassets"; sourceTree = "<group>"; };
		EFBFBED3283C87AD003FD97D /* Info.plist */ = {isa = PBXFileReference; lastKnownFileType = text.plist.xml; path = Info.plist; sourceTree = "<group>"; };
		EFBFBEDA283C8893003FD97D /* contactListViewModel.swift */ = {isa = PBXFileReference; lastKnownFileType = sourcecode.swift; path = contactListViewModel.swift; sourceTree = "<group>"; };
		EFBFBEDD283C8909003FD97D /* NetworkManager.swift */ = {isa = PBXFileReference; lastKnownFileType = sourcecode.swift; path = NetworkManager.swift; sourceTree = "<group>"; };
		EFBFBEE0283C8935003FD97D /* ContactDataModel.swift */ = {isa = PBXFileReference; lastKnownFileType = sourcecode.swift; path = ContactDataModel.swift; sourceTree = "<group>"; };
		EFBFBEE7283DB61A003FD97D /* ImageViewSmall.swift */ = {isa = PBXFileReference; lastKnownFileType = sourcecode.swift; path = ImageViewSmall.swift; sourceTree = "<group>"; };
		EFBFBEEB283DB74D003FD97D /* UrlImageModel.swift */ = {isa = PBXFileReference; lastKnownFileType = sourcecode.swift; path = UrlImageModel.swift; sourceTree = "<group>"; };
		EFBFBEF0283DE0A0003FD97D /* ImageCacheManager.swift */ = {isa = PBXFileReference; lastKnownFileType = sourcecode.swift; path = ImageCacheManager.swift; sourceTree = "<group>"; };
		EFBFBEF3283DE2A0003FD97D /* ContactDetail.swift */ = {isa = PBXFileReference; lastKnownFileType = sourcecode.swift; path = ContactDetail.swift; sourceTree = "<group>"; };
		EFBFBEF6283DE30A003FD97D /* ImageViewLarge.swift */ = {isa = PBXFileReference; lastKnownFileType = sourcecode.swift; path = ImageViewLarge.swift; sourceTree = "<group>"; };
/* End PBXFileReference section */

/* Begin PBXFrameworksBuildPhase section */
		EFBFBEC4283C87AC003FD97D /* Frameworks */ = {
			isa = PBXFrameworksBuildPhase;
			buildActionMask = 2147483647;
			files = (
			);
			runOnlyForDeploymentPostprocessing = 0;
		};
/* End PBXFrameworksBuildPhase section */

/* Begin PBXGroup section */
		EFA4B72E28407586007C15DD /* Model */ = {
			isa = PBXGroup;
			children = (
				EFBFBEE0283C8935003FD97D /* ContactDataModel.swift */,
			);
			path = Model;
			sourceTree = "<group>";
		};
		EFA4B72F2840758B007C15DD /* ViewModel */ = {
			isa = PBXGroup;
			children = (
				EFBFBEDA283C8893003FD97D /* contactListViewModel.swift */,
			);
			path = ViewModel;
			sourceTree = "<group>";
		};
		EFA4B73028407592007C15DD /* View */ = {
			isa = PBXGroup;
			children = (
				EFBFBEF6283DE30A003FD97D /* ImageViewLarge.swift */,
				EFBFBEE7283DB61A003FD97D /* ImageViewSmall.swift */,
				EFBFBEF3283DE2A0003FD97D /* ContactDetail.swift */,
				EFBFBECC283C87AC003FD97D /* ContentView.swift */,
				EFA4B733284084C3007C15DD /* SearchBarView.swift */,
				EFA4B73728412C9E007C15DD /* ContactView.swift */,
				EFA4B73928412CB4007C15DD /* FilteredContactView.swift */,
			);
			path = View;
			sourceTree = "<group>";
		};
		EFBFBEBE283C87AC003FD97D = {
			isa = PBXGroup;
			children = (
				EFBFBEC9283C87AC003FD97D /* contacts */,
				EFBFBEC8283C87AC003FD97D /* Products */,
			);
			sourceTree = "<group>";
		};
		EFBFBEC8283C87AC003FD97D /* Products */ = {
			isa = PBXGroup;
			children = (
				EFBFBEC7283C87AC003FD97D /* contacts.app */,
			);
			name = Products;
			sourceTree = "<group>";
		};
		EFBFBEC9283C87AC003FD97D /* contacts */ = {
			isa = PBXGroup;
			children = (
				EFA4B73028407592007C15DD /* View */,
				EFA4B72F2840758B007C15DD /* ViewModel */,
				EFA4B72E28407586007C15DD /* Model */,
				EFBFBECA283C87AC003FD97D /* contactsApp.swift */,
				EFBFBEDD283C8909003FD97D /* NetworkManager.swift */,
				EFBFBEEB283DB74D003FD97D /* UrlImageModel.swift */,
				EFA4B72C284070EB007C15DD /* ResultState.swift */,
				EFBFBEF0283DE0A0003FD97D /* ImageCacheManager.swift */,
				EFBFBECE283C87AD003FD97D /* Assets.xcassets */,
				EFBFBED3283C87AD003FD97D /* Info.plist */,
				EFBFBED0283C87AD003FD97D /* Preview Content */,
			);
			path = contacts;
			sourceTree = "<group>";
		};
		EFBFBED0283C87AD003FD97D /* Preview Content */ = {
			isa = PBXGroup;
			children = (
				EFBFBED1283C87AD003FD97D /* Preview Assets.xcassets */,
			);
			path = "Preview Content";
			sourceTree = "<group>";
		};
/* End PBXGroup section */

/* Begin PBXNativeTarget section */
		EFBFBEC6283C87AC003FD97D /* contacts */ = {
			isa = PBXNativeTarget;
			buildConfigurationList = EFBFBED6283C87AD003FD97D /* Build configuration list for PBXNativeTarget "contacts" */;
			buildPhases = (
				EFBFBEC3283C87AC003FD97D /* Sources */,
				EFBFBEC4283C87AC003FD97D /* Frameworks */,
				EFBFBEC5283C87AC003FD97D /* Resources */,
			);
			buildRules = (
			);
			dependencies = (
			);
			name = contacts;
			productName = contacts;
			productReference = EFBFBEC7283C87AC003FD97D /* contacts.app */;
			productType = "com.apple.product-type.application";
		};
/* End PBXNativeTarget section */

/* Begin PBXProject section */
		EFBFBEBF283C87AC003FD97D /* Project object */ = {
			isa = PBXProject;
			attributes = {
				LastSwiftUpdateCheck = 1240;
				LastUpgradeCheck = 1240;
				TargetAttributes = {
					EFBFBEC6283C87AC003FD97D = {
						CreatedOnToolsVersion = 12.4;
					};
				};
			};
			buildConfigurationList = EFBFBEC2283C87AC003FD97D /* Build configuration list for PBXProject "contacts" */;
			compatibilityVersion = "Xcode 9.3";
			developmentRegion = en;
			hasScannedForEncodings = 0;
			knownRegions = (
				en,
				Base,
			);
			mainGroup = EFBFBEBE283C87AC003FD97D;
			productRefGroup = EFBFBEC8283C87AC003FD97D /* Products */;
			projectDirPath = "";
			projectRoot = "";
			targets = (
				EFBFBEC6283C87AC003FD97D /* contacts */,
			);
		};
/* End PBXProject section */

/* Begin PBXResourcesBuildPhase section */
		EFBFBEC5283C87AC003FD97D /* Resources */ = {
			isa = PBXResourcesBuildPhase;
			buildActionMask = 2147483647;
			files = (
				EFBFBED2283C87AD003FD97D /* Preview Assets.xcassets in Resources */,
				EFBFBECF283C87AD003FD97D /* Assets.xcassets in Resources */,
			);
			runOnlyForDeploymentPostprocessing = 0;
		};
/* End PBXResourcesBuildPhase section */

/* Begin PBXSourcesBuildPhase section */
		EFBFBEC3283C87AC003FD97D /* Sources */ = {
			isa = PBXSourcesBuildPhase;
			buildActionMask = 2147483647;
			files = (
				EFA4B73A28412CB4007C15DD /* FilteredContactView.swift in Sources */,
				EFBFBEDE283C8909003FD97D /* NetworkManager.swift in Sources */,
				EFBFBEEC283DB74D003FD97D /* UrlImageModel.swift in Sources */,
				EFBFBECD283C87AC003FD97D /* ContentView.swift in Sources */,
				EFBFBEE8283DB61A003FD97D /* ImageViewSmall.swift in Sources */,
				EFA4B73828412C9E007C15DD /* ContactView.swift in Sources */,
				EFA4B734284084C3007C15DD /* SearchBarView.swift in Sources */,
				EFA4B72D284070EB007C15DD /* ResultState.swift in Sources */,
				EFBFBEF1283DE0A0003FD97D /* ImageCacheManager.swift in Sources */,
				EFBFBECB283C87AC003FD97D /* contactsApp.swift in Sources */,
				EFBFBEF7283DE30A003FD97D /* ImageViewLarge.swift in Sources */,
				EFBFBEE1283C8935003FD97D /* ContactDataModel.swift in Sources */,
				EFBFBEDB283C8893003FD97D /* contactListViewModel.swift in Sources */,
				EFBFBEF4283DE2A0003FD97D /* ContactDetail.swift in Sources */,
			);
			runOnlyForDeploymentPostprocessing = 0;
		};
/* End PBXSourcesBuildPhase section */

/* Begin XCBuildConfiguration section */
		EFBFBED4283C87AD003FD97D /* Debug */ = {
			isa = XCBuildConfiguration;
			buildSettings = {
				ALWAYS_SEARCH_USER_PATHS = NO;
				CLANG_ANALYZER_NONNULL = YES;
				CLANG_ANALYZER_NUMBER_OBJECT_CONVERSION = YES_AGGRESSIVE;
				CLANG_CXX_LANGUAGE_STANDARD = "gnu++14";
				CLANG_CXX_LIBRARY = "libc++";
				CLANG_ENABLE_MODULES = YES;
				CLANG_ENABLE_OBJC_ARC = YES;
				CLANG_ENABLE_OBJC_WEAK = YES;
				CLANG_WARN_BLOCK_CAPTURE_AUTORELEASING = YES;
				CLANG_WARN_BOOL_CONVERSION = YES;
				CLANG_WARN_COMMA = YES;
				CLANG_WARN_CONSTANT_CONVERSION = YES;
				CLANG_WARN_DEPRECATED_OBJC_IMPLEMENTATIONS = YES;
				CLANG_WARN_DIRECT_OBJC_ISA_USAGE = YES_ERROR;
				CLANG_WARN_DOCUMENTATION_COMMENTS = YES;
				CLANG_WARN_EMPTY_BODY = YES;
				CLANG_WARN_ENUM_CONVERSION = YES;
				CLANG_WARN_INFINITE_RECURSION = YES;
				CLANG_WARN_INT_CONVERSION = YES;
				CLANG_WARN_NON_LITERAL_NULL_CONVERSION = YES;
				CLANG_WARN_OBJC_IMPLICIT_RETAIN_SELF = YES;
				CLANG_WARN_OBJC_LITERAL_CONVERSION = YES;
				CLANG_WARN_OBJC_ROOT_CLASS = YES_ERROR;
				CLANG_WARN_QUOTED_INCLUDE_IN_FRAMEWORK_HEADER = YES;
				CLANG_WARN_RANGE_LOOP_ANALYSIS = YES;
				CLANG_WARN_STRICT_PROTOTYPES = YES;
				CLANG_WARN_SUSPICIOUS_MOVE = YES;
				CLANG_WARN_UNGUARDED_AVAILABILITY = YES_AGGRESSIVE;
				CLANG_WARN_UNREACHABLE_CODE = YES;
				CLANG_WARN__DUPLICATE_METHOD_MATCH = YES;
				COPY_PHASE_STRIP = NO;
				DEBUG_INFORMATION_FORMAT = dwarf;
				ENABLE_STRICT_OBJC_MSGSEND = YES;
				ENABLE_TESTABILITY = YES;
				GCC_C_LANGUAGE_STANDARD = gnu11;
				GCC_DYNAMIC_NO_PIC = NO;
				GCC_NO_COMMON_BLOCKS = YES;
				GCC_OPTIMIZATION_LEVEL = 0;
				GCC_PREPROCESSOR_DEFINITIONS = (
					"DEBUG=1",
					"$(inherited)",
				);
				GCC_WARN_64_TO_32_BIT_CONVERSION = YES;
				GCC_WARN_ABOUT_RETURN_TYPE = YES_ERROR;
				GCC_WARN_UNDECLARED_SELECTOR = YES;
				GCC_WARN_UNINITIALIZED_AUTOS = YES_AGGRESSIVE;
				GCC_WARN_UNUSED_FUNCTION = YES;
				GCC_WARN_UNUSED_VARIABLE = YES;
				IPHONEOS_DEPLOYMENT_TARGET = 14.4;
				MTL_ENABLE_DEBUG_INFO = INCLUDE_SOURCE;
				MTL_FAST_MATH = YES;
				ONLY_ACTIVE_ARCH = YES;
				SDKROOT = iphoneos;
				SWIFT_ACTIVE_COMPILATION_CONDITIONS = DEBUG;
				SWIFT_OPTIMIZATION_LEVEL = "-Onone";
			};
			name = Debug;
		};
		EFBFBED5283C87AD003FD97D /* Release */ = {
			isa = XCBuildConfiguration;
			buildSettings = {
				ALWAYS_SEARCH_USER_PATHS = NO;
				CLANG_ANALYZER_NONNULL = YES;
				CLANG_ANALYZER_NUMBER_OBJECT_CONVERSION = YES_AGGRESSIVE;
				CLANG_CXX_LANGUAGE_STANDARD = "gnu++14";
				CLANG_CXX_LIBRARY = "libc++";
				CLANG_ENABLE_MODULES = YES;
				CLANG_ENABLE_OBJC_ARC = YES;
				CLANG_ENABLE_OBJC_WEAK = YES;
				CLANG_WARN_BLOCK_CAPTURE_AUTORELEASING = YES;
				CLANG_WARN_BOOL_CONVERSION = YES;
				CLANG_WARN_COMMA = YES;
				CLANG_WARN_CONSTANT_CONVERSION = YES;
				CLANG_WARN_DEPRECATED_OBJC_IMPLEMENTATIONS = YES;
				CLANG_WARN_DIRECT_OBJC_ISA_USAGE = YES_ERROR;
				CLANG_WARN_DOCUMENTATION_COMMENTS = YES;
				CLANG_WARN_EMPTY_BODY = YES;
				CLANG_WARN_ENUM_CONVERSION = YES;
				CLANG_WARN_INFINITE_RECURSION = YES;
				CLANG_WARN_INT_CONVERSION = YES;
				CLANG_WARN_NON_LITERAL_NULL_CONVERSION = YES;
				CLANG_WARN_OBJC_IMPLICIT_RETAIN_SELF = YES;
				CLANG_WARN_OBJC_LITERAL_CONVERSION = YES;
				CLANG_WARN_OBJC_ROOT_CLASS = YES_ERROR;
				CLANG_WARN_QUOTED_INCLUDE_IN_FRAMEWORK_HEADER = YES;
				CLANG_WARN_RANGE_LOOP_ANALYSIS = YES;
				CLANG_WARN_STRICT_PROTOTYPES = YES;
				CLANG_WARN_SUSPICIOUS_MOVE = YES;
				CLANG_WARN_UNGUARDED_AVAILABILITY = YES_AGGRESSIVE;
				CLANG_WARN_UNREACHABLE_CODE = YES;
				CLANG_WARN__DUPLICATE_METHOD_MATCH = YES;
				COPY_PHASE_STRIP = NO;
				DEBUG_INFORMATION_FORMAT = "dwarf-with-dsym";
				ENABLE_NS_ASSERTIONS = NO;
				ENABLE_STRICT_OBJC_MSGSEND = YES;
				GCC_C_LANGUAGE_STANDARD = gnu11;
				GCC_NO_COMMON_BLOCKS = YES;
				GCC_WARN_64_TO_32_BIT_CONVERSION = YES;
				GCC_WARN_ABOUT_RETURN_TYPE = YES_ERROR;
				GCC_WARN_UNDECLARED_SELECTOR = YES;
				GCC_WARN_UNINITIALIZED_AUTOS = YES_AGGRESSIVE;
				GCC_WARN_UNUSED_FUNCTION = YES;
				GCC_WARN_UNUSED_VARIABLE = YES;
				IPHONEOS_DEPLOYMENT_TARGET = 14.4;
				MTL_ENABLE_DEBUG_INFO = NO;
				MTL_FAST_MATH = YES;
				SDKROOT = iphoneos;
				SWIFT_COMPILATION_MODE = wholemodule;
				SWIFT_OPTIMIZATION_LEVEL = "-O";
				VALIDATE_PRODUCT = YES;
			};
			name = Release;
		};
		EFBFBED7283C87AD003FD97D /* Debug */ = {
			isa = XCBuildConfiguration;
			buildSettings = {
				ASSETCATALOG_COMPILER_APPICON_NAME = AppIcon;
				ASSETCATALOG_COMPILER_GLOBAL_ACCENT_COLOR_NAME = AccentColor;
				CODE_SIGN_STYLE = Automatic;
				DEVELOPMENT_ASSET_PATHS = "\"contacts/Preview Content\"";
				DEVELOPMENT_TEAM = BM54VDV37Y;
				ENABLE_PREVIEWS = YES;
				INFOPLIST_FILE = contacts/Info.plist;
				IPHONEOS_DEPLOYMENT_TARGET = 14.0;
				LD_RUNPATH_SEARCH_PATHS = (
					"$(inherited)",
					"@executable_path/Frameworks",
				);
				PRODUCT_BUNDLE_IDENTIFIER = com.vineelgolla.contacts;
				PRODUCT_NAME = "$(TARGET_NAME)";
				SWIFT_VERSION = 5.0;
				TARGETED_DEVICE_FAMILY = "1,2";
			};
			name = Debug;
		};
		EFBFBED8283C87AD003FD97D /* Release */ = {
			isa = XCBuildConfiguration;
			buildSettings = {
				ASSETCATALOG_COMPILER_APPICON_NAME = AppIcon;
				ASSETCATALOG_COMPILER_GLOBAL_ACCENT_COLOR_NAME = AccentColor;
				CODE_SIGN_STYLE = Automatic;
				DEVELOPMENT_ASSET_PATHS = "\"contacts/Preview Content\"";
				DEVELOPMENT_TEAM = BM54VDV37Y;
				ENABLE_PREVIEWS = YES;
				INFOPLIST_FILE = contacts/Info.plist;
				IPHONEOS_DEPLOYMENT_TARGET = 14.0;
				LD_RUNPATH_SEARCH_PATHS = (
					"$(inherited)",
					"@executable_path/Frameworks",
				);
				PRODUCT_BUNDLE_IDENTIFIER = com.vineelgolla.contacts;
				PRODUCT_NAME = "$(TARGET_NAME)";
				SWIFT_VERSION = 5.0;
				TARGETED_DEVICE_FAMILY = "1,2";
			};
			name = Release;
		};
/* End XCBuildConfiguration section */

/* Begin XCConfigurationList section */
		EFBFBEC2283C87AC003FD97D /* Build configuration list for PBXProject "contacts" */ = {
			isa = XCConfigurationList;
			buildConfigurations = (
				EFBFBED4283C87AD003FD97D /* Debug */,
				EFBFBED5283C87AD003FD97D /* Release */,
			);
			defaultConfigurationIsVisible = 0;
			defaultConfigurationName = Release;
		};
		EFBFBED6283C87AD003FD97D /* Build configuration list for PBXNativeTarget "contacts" */ = {
			isa = XCConfigurationList;
			buildConfigurations = (
				EFBFBED7283C87AD003FD97D /* Debug */,
				EFBFBED8283C87AD003FD97D /* Release */,
			);
			defaultConfigurationIsVisible = 0;
			defaultConfigurationName = Release;
		};
/* End XCConfigurationList section */
	};
	rootObject = EFBFBEBF283C87AC003FD97D /* Project object */;
}
